// !$*UTF8*$!
{
	archiveVersion = 1;
	classes = {
	};
	objectVersion = 50;
	objects = {

/* Begin PBXBuildFile section */
		EE2ACB1E26FA36C8001695FD /* AppDelegate.swift in Sources */ = {isa = PBXBuildFile; fileRef = EE2ACB1D26FA36C8001695FD /* AppDelegate.swift */; };
		EE2ACB2026FA36C8001695FD /* SceneDelegate.swift in Sources */ = {isa = PBXBuildFile; fileRef = EE2ACB1F26FA36C8001695FD /* SceneDelegate.swift */; };
		EE2ACB2226FA36C8001695FD /* ViewController.swift in Sources */ = {isa = PBXBuildFile; fileRef = EE2ACB2126FA36C8001695FD /* ViewController.swift */; };
		EE2ACB2526FA36C8001695FD /* Main.storyboard in Resources */ = {isa = PBXBuildFile; fileRef = EE2ACB2326FA36C8001695FD /* Main.storyboard */; };
		EE2ACB2726FA36CB001695FD /* Assets.xcassets in Resources */ = {isa = PBXBuildFile; fileRef = EE2ACB2626FA36CB001695FD /* Assets.xcassets */; };
		EE2ACB2A26FA36CB001695FD /* LaunchScreen.storyboard in Resources */ = {isa = PBXBuildFile; fileRef = EE2ACB2826FA36CB001695FD /* LaunchScreen.storyboard */; };
/* End PBXBuildFile section */

/* Begin PBXFileReference section */
		EE2ACB1A26FA36C8001695FD /* Trending Git.app */ = {isa = PBXFileReference; explicitFileType = wrapper.application; includeInIndex = 0; path = "Trending Git.app"; sourceTree = BUILT_PRODUCTS_DIR; };
		EE2ACB1D26FA36C8001695FD /* AppDelegate.swift */ = {isa = PBXFileReference; lastKnownFileType = sourcecode.swift; path = AppDelegate.swift; sourceTree = "<group>"; };
		EE2ACB1F26FA36C8001695FD /* SceneDelegate.swift */ = {isa = PBXFileReference; lastKnownFileType = sourcecode.swift; path = SceneDelegate.swift; sourceTree = "<group>"; };
		EE2ACB2126FA36C8001695FD /* ViewController.swift */ = {isa = PBXFileReference; lastKnownFileType = sourcecode.swift; path = ViewController.swift; sourceTree = "<group>"; };
		EE2ACB2426FA36C8001695FD /* Base */ = {isa = PBXFileReference; lastKnownFileType = file.storyboard; name = Base; path = Base.lproj/Main.storyboard; sourceTree = "<group>"; };
		EE2ACB2626FA36CB001695FD /* Assets.xcassets */ = {isa = PBXFileReference; lastKnownFileType = folder.assetcatalog; path = Assets.xcassets; sourceTree = "<group>"; };
		EE2ACB2926FA36CB001695FD /* Base */ = {isa = PBXFileReference; lastKnownFileType = file.storyboard; name = Base; path = Base.lproj/LaunchScreen.storyboard; sourceTree = "<group>"; };
		EE2ACB2B26FA36CB001695FD /* Info.plist */ = {isa = PBXFileReference; lastKnownFileType = text.plist.xml; path = Info.plist; sourceTree = "<group>"; };
/* End PBXFileReference section */

/* Begin PBXFrameworksBuildPhase section */
		EE2ACB1726FA36C8001695FD /* Frameworks */ = {
			isa = PBXFrameworksBuildPhase;
			buildActionMask = 2147483647;
			files = (
			);
			runOnlyForDeploymentPostprocessing = 0;
		};
/* End PBXFrameworksBuildPhase section */

/* Begin PBXGroup section */
		EE2ACB1126FA36C8001695FD = {
			isa = PBXGroup;
			children = (
				EE2ACB1C26FA36C8001695FD /* Trending Git */,
				EE2ACB1B26FA36C8001695FD /* Products */,
			);
			sourceTree = "<group>";
		};
		EE2ACB1B26FA36C8001695FD /* Products */ = {
			isa = PBXGroup;
			children = (
				EE2ACB1A26FA36C8001695FD /* Trending Git.app */,
			);
			name = Products;
			sourceTree = "<group>";
		};
		EE2ACB1C26FA36C8001695FD /* Trending Git */ = {
			isa = PBXGroup;
			children = (
				EE2ACB1D26FA36C8001695FD /* AppDelegate.swift */,
				EE2ACB1F26FA36C8001695FD /* SceneDelegate.swift */,
				EE2ACB2126FA36C8001695FD /* ViewController.swift */,
				EE2ACB2326FA36C8001695FD /* Main.storyboard */,
				EE2ACB2626FA36CB001695FD /* Assets.xcassets */,
				EE2ACB2826FA36CB001695FD /* LaunchScreen.storyboard */,
				EE2ACB2B26FA36CB001695FD /* Info.plist */,
			);
			path = "Trending Git";
			sourceTree = "<group>";
		};
/* End PBXGroup section */

/* Begin PBXNativeTarget section */
		EE2ACB1926FA36C8001695FD /* Trending Git */ = {
			isa = PBXNativeTarget;
			buildConfigurationList = EE2ACB2E26FA36CB001695FD /* Build configuration list for PBXNativeTarget "Trending Git" */;
			buildPhases = (
				EE2ACB1626FA36C8001695FD /* Sources */,
				EE2ACB1726FA36C8001695FD /* Frameworks */,
				EE2ACB1826FA36C8001695FD /* Resources */,
			);
			buildRules = (
			);
			dependencies = (
			);
			name = "Trending Git";
			productName = "Trending Git";
			productReference = EE2ACB1A26FA36C8001695FD /* Trending Git.app */;
			productType = "com.apple.product-type.application";
		};
/* End PBXNativeTarget section */

/* Begin PBXProject section */
		EE2ACB1226FA36C8001695FD /* Project object */ = {
			isa = PBXProject;
			attributes = {
				LastSwiftUpdateCheck = 1130;
				LastUpgradeCheck = 1130;
				ORGANIZATIONNAME = "Karim Arhan";
				TargetAttributes = {
					EE2ACB1926FA36C8001695FD = {
						CreatedOnToolsVersion = 11.3.1;
					};
				};
			};
			buildConfigurationList = EE2ACB1526FA36C8001695FD /* Build configuration list for PBXProject "Trending Git" */;
			compatibilityVersion = "Xcode 9.3";
			developmentRegion = en;
			hasScannedForEncodings = 0;
			knownRegions = (
				en,
				Base,
			);
			mainGroup = EE2ACB1126FA36C8001695FD;
			productRefGroup = EE2ACB1B26FA36C8001695FD /* Products */;
			projectDirPath = "";
			projectRoot = "";
			targets = (
				EE2ACB1926FA36C8001695FD /* Trending Git */,
			);
		};
/* End PBXProject section */

/* Begin PBXResourcesBuildPhase section */
		EE2ACB1826FA36C8001695FD /* Resources */ = {
			isa = PBXResourcesBuildPhase;
			buildActionMask = 2147483647;
			files = (
				EE2ACB2A26FA36CB001695FD /* LaunchScreen.storyboard in Resources */,
				EE2ACB2726FA36CB001695FD /* Assets.xcassets in Resources */,
				EE2ACB2526FA36C8001695FD /* Main.storyboard in Resources */,
			);
			runOnlyForDeploymentPostprocessing = 0;
		};
/* End PBXResourcesBuildPhase section */

/* Begin PBXSourcesBuildPhase section */
		EE2ACB1626FA36C8001695FD /* Sources */ = {
			isa = PBXSourcesBuildPhase;
			buildActionMask = 2147483647;
			files = (
				EE2ACB2226FA36C8001695FD /* ViewController.swift in Sources */,
				EE2ACB1E26FA36C8001695FD /* AppDelegate.swift in Sources */,
				EE2ACB2026FA36C8001695FD /* SceneDelegate.swift in Sources */,
			);
			runOnlyForDeploymentPostprocessing = 0;
		};
/* End PBXSourcesBuildPhase section */

/* Begin PBXVariantGroup section */
		EE2ACB2326FA36C8001695FD /* Main.storyboard */ = {
			isa = PBXVariantGroup;
			children = (
				EE2ACB2426FA36C8001695FD /* Base */,
			);
			name = Main.storyboard;
			sourceTree = "<group>";
		};
		EE2ACB2826FA36CB001695FD /* LaunchScreen.storyboard */ = {
			isa = PBXVariantGroup;
			children = (
				EE2ACB2926FA36CB001695FD /* Base */,
			);
			name = LaunchScreen.storyboard;
			sourceTree = "<group>";
		};
/* End PBXVariantGroup section */

/* Begin XCBuildConfiguration section */
		EE2ACB2C26FA36CB001695FD /* Debug */ = {
			isa = XCBuildConfiguration;
			buildSettings = {
				ALWAYS_SEARCH_USER_PATHS = NO;
				CLANG_ANALYZER_NONNULL = YES;
				CLANG_ANALYZER_NUMBER_OBJECT_CONVERSION = YES_AGGRESSIVE;
				CLANG_CXX_LANGUAGE_STANDARD = "gnu++14";
				CLANG_CXX_LIBRARY = "libc++";
				CLANG_ENABLE_MODULES = YES;
				CLANG_ENABLE_OBJC_ARC = YES;
				CLANG_ENABLE_OBJC_WEAK = YES;
				CLANG_WARN_BLOCK_CAPTURE_AUTORELEASING = YES;
				CLANG_WARN_BOOL_CONVERSION = YES;
				CLANG_WARN_COMMA = YES;
				CLANG_WARN_CONSTANT_CONVERSION = YES;
				CLANG_WARN_DEPRECATED_OBJC_IMPLEMENTATIONS = YES;
				CLANG_WARN_DIRECT_OBJC_ISA_USAGE = YES_ERROR;
				CLANG_WARN_DOCUMENTATION_COMMENTS = YES;
				CLANG_WARN_EMPTY_BODY = YES;
				CLANG_WARN_ENUM_CONVERSION = YES;
				CLANG_WARN_INFINITE_RECURSION = YES;
				CLANG_WARN_INT_CONVERSION = YES;
				CLANG_WARN_NON_LITERAL_NULL_CONVERSION = YES;
				CLANG_WARN_OBJC_IMPLICIT_RETAIN_SELF = YES;
				CLANG_WARN_OBJC_LITERAL_CONVERSION = YES;
				CLANG_WARN_OBJC_ROOT_CLASS = YES_ERROR;
				CLANG_WARN_RANGE_LOOP_ANALYSIS = YES;
				CLANG_WARN_STRICT_PROTOTYPES = YES;
				CLANG_WARN_SUSPICIOUS_MOVE = YES;
				CLANG_WARN_UNGUARDED_AVAILABILITY = YES_AGGRESSIVE;
				CLANG_WARN_UNREACHABLE_CODE = YES;
				CLANG_WARN__DUPLICATE_METHOD_MATCH = YES;
				COPY_PHASE_STRIP = NO;
				DEBUG_INFORMATION_FORMAT = dwarf;
				ENABLE_STRICT_OBJC_MSGSEND = YES;
				ENABLE_TESTABILITY = YES;
				GCC_C_LANGUAGE_STANDARD = gnu11;
				GCC_DYNAMIC_NO_PIC = NO;
				GCC_NO_COMMON_BLOCKS = YES;
				GCC_OPTIMIZATION_LEVEL = 0;
				GCC_PREPROCESSOR_DEFINITIONS = (
					"DEBUG=1",
					"$(inherited)",
				);
				GCC_WARN_64_TO_32_BIT_CONVERSION = YES;
				GCC_WARN_ABOUT_RETURN_TYPE = YES_ERROR;
				GCC_WARN_UNDECLARED_SELECTOR = YES;
				GCC_WARN_UNINITIALIZED_AUTOS = YES_AGGRESSIVE;
				GCC_WARN_UNUSED_FUNCTION = YES;
				GCC_WARN_UNUSED_VARIABLE = YES;
				IPHONEOS_DEPLOYMENT_TARGET = 13.2;
				MTL_ENABLE_DEBUG_INFO = INCLUDE_SOURCE;
				MTL_FAST_MATH = YES;
				ONLY_ACTIVE_ARCH = YES;
				SDKROOT = iphoneos;
				SWIFT_ACTIVE_COMPILATION_CONDITIONS = DEBUG;
				SWIFT_OPTIMIZATION_LEVEL = "-Onone";
			};
			name = Debug;
		};
		EE2ACB2D26FA36CB001695FD /* Release */ = {
			isa = XCBuildConfiguration;
			buildSettings = {
				ALWAYS_SEARCH_USER_PATHS = NO;
				CLANG_ANALYZER_NONNULL = YES;
				CLANG_ANALYZER_NUMBER_OBJECT_CONVERSION = YES_AGGRESSIVE;
				CLANG_CXX_LANGUAGE_STANDARD = "gnu++14";
				CLANG_CXX_LIBRARY = "libc++";
				CLANG_ENABLE_MODULES = YES;
				CLANG_ENABLE_OBJC_ARC = YES;
				CLANG_ENABLE_OBJC_WEAK = YES;
				CLANG_WARN_BLOCK_CAPTURE_AUTORELEASING = YES;
				CLANG_WARN_BOOL_CONVERSION = YES;
				CLANG_WARN_COMMA = YES;
				CLANG_WARN_CONSTANT_CONVERSION = YES;
				CLANG_WARN_DEPRECATED_OBJC_IMPLEMENTATIONS = YES;
				CLANG_WARN_DIRECT_OBJC_ISA_USAGE = YES_ERROR;
				CLANG_WARN_DOCUMENTATION_COMMENTS = YES;
				CLANG_WARN_EMPTY_BODY = YES;
				CLANG_WARN_ENUM_CONVERSION = YES;
				CLANG_WARN_INFINITE_RECURSION = YES;
				CLANG_WARN_INT_CONVERSION = YES;
				CLANG_WARN_NON_LITERAL_NULL_CONVERSION = YES;
				CLANG_WARN_OBJC_IMPLICIT_RETAIN_SELF = YES;
				CLANG_WARN_OBJC_LITERAL_CONVERSION = YES;
				CLANG_WARN_OBJC_ROOT_CLASS = YES_ERROR;
				CLANG_WARN_RANGE_LOOP_ANALYSIS = YES;
				CLANG_WARN_STRICT_PROTOTYPES = YES;
				CLANG_WARN_SUSPICIOUS_MOVE = YES;
				CLANG_WARN_UNGUARDED_AVAILABILITY = YES_AGGRESSIVE;
				CLANG_WARN_UNREACHABLE_CODE = YES;
				CLANG_WARN__DUPLICATE_METHOD_MATCH = YES;
				COPY_PHASE_STRIP = NO;
				DEBUG_INFORMATION_FORMAT = "dwarf-with-dsym";
				ENABLE_NS_ASSERTIONS = NO;
				ENABLE_STRICT_OBJC_MSGSEND = YES;
				GCC_C_LANGUAGE_STANDARD = gnu11;
				GCC_NO_COMMON_BLOCKS = YES;
				GCC_WARN_64_TO_32_BIT_CONVERSION = YES;
				GCC_WARN_ABOUT_RETURN_TYPE = YES_ERROR;
				GCC_WARN_UNDECLARED_SELECTOR = YES;
				GCC_WARN_UNINITIALIZED_AUTOS = YES_AGGRESSIVE;
				GCC_WARN_UNUSED_FUNCTION = YES;
				GCC_WARN_UNUSED_VARIABLE = YES;
				IPHONEOS_DEPLOYMENT_TARGET = 13.2;
				MTL_ENABLE_DEBUG_INFO = NO;
				MTL_FAST_MATH = YES;
				SDKROOT = iphoneos;
				SWIFT_COMPILATION_MODE = wholemodule;
				SWIFT_OPTIMIZATION_LEVEL = "-O";
				VALIDATE_PRODUCT = YES;
			};
			name = Release;
		};
		EE2ACB2F26FA36CB001695FD /* Debug */ = {
			isa = XCBuildConfiguration;
			buildSettings = {
				ASSETCATALOG_COMPILER_APPICON_NAME = AppIcon;
				CODE_SIGN_STYLE = Automatic;
				INFOPLIST_FILE = "Trending Git/Info.plist";
				LD_RUNPATH_SEARCH_PATHS = (
					"$(inherited)",
					"@executable_path/Frameworks",
				);
				PRODUCT_BUNDLE_IDENTIFIER = "Arhan.Trending-Git";
				PRODUCT_NAME = "$(TARGET_NAME)";
				SWIFT_VERSION = 5.0;
				TARGETED_DEVICE_FAMILY = "1,2";
			};
			name = Debug;
		};
		EE2ACB3026FA36CB001695FD /* Release */ = {
			isa = XCBuildConfiguration;
			buildSettings = {
				ASSETCATALOG_COMPILER_APPICON_NAME = AppIcon;
				CODE_SIGN_STYLE = Automatic;
				INFOPLIST_FILE = "Trending Git/Info.plist";
				LD_RUNPATH_SEARCH_PATHS = (
					"$(inherited)",
					"@executable_path/Frameworks",
				);
				PRODUCT_BUNDLE_IDENTIFIER = "Arhan.Trending-Git";
				PRODUCT_NAME = "$(TARGET_NAME)";
				SWIFT_VERSION = 5.0;
				TARGETED_DEVICE_FAMILY = "1,2";
			};
			name = Release;
		};
/* End XCBuildConfiguration section */

/* Begin XCConfigurationList section */
		EE2ACB1526FA36C8001695FD /* Build configuration list for PBXProject "Trending Git" */ = {
			isa = XCConfigurationList;
			buildConfigurations = (
				EE2ACB2C26FA36CB001695FD /* Debug */,
				EE2ACB2D26FA36CB001695FD /* Release */,
			);
			defaultConfigurationIsVisible = 0;
			defaultConfigurationName = Release;
		};
		EE2ACB2E26FA36CB001695FD /* Build configuration list for PBXNativeTarget "Trending Git" */ = {
			isa = XCConfigurationList;
			buildConfigurations = (
				EE2ACB2F26FA36CB001695FD /* Debug */,
				EE2ACB3026FA36CB001695FD /* Release */,
			);
			defaultConfigurationIsVisible = 0;
			defaultConfigurationName = Release;
		};
/* End XCConfigurationList section */
	};
	rootObject = EE2ACB1226FA36C8001695FD /* Project object */;
}
